
Microsoft Visual Studio Solution File, Format Version 12.00
# Visual Studio Version 17
VisualStudioVersion = 17.14.36301.6 d17.14
MinimumVisualStudioVersion = 10.0.40219.1
Project("{FAE04EC0-301F-11D3-BF4B-00C04F79EFBC}") = "Exerciocio2", "Exerciocio2\Exerciocio2.csproj", "{B496E948-43B2-441E-BFBF-D95AA1A983AD}"
EndProject
Global
	GlobalSection(SolutionConfigurationPlatforms) = preSolution
		Debug|Any CPU = Debug|Any CPU
		Release|Any CPU = Release|Any CPU
	EndGlobalSection
	GlobalSection(ProjectConfigurationPlatforms) = postSolution
		{B496E948-43B2-441E-BFBF-D95AA1A983AD}.Debug|Any CPU.ActiveCfg = Debug|Any CPU
		{B496E948-43B2-441E-BFBF-D95AA1A983AD}.Debug|Any CPU.Build.0 = Debug|Any CPU
		{B496E948-43B2-441E-BFBF-D95AA1A983AD}.Release|Any CPU.ActiveCfg = Release|Any CPU
		{B496E948-43B2-441E-BFBF-D95AA1A983AD}.Release|Any CPU.Build.0 = Release|Any CPU
	EndGlobalSection
	GlobalSection(SolutionProperties) = preSolution
		HideSolutionNode = FALSE
	EndGlobalSection
	GlobalSection(ExtensibilityGlobals) = postSolution
		SolutionGuid = {95F41705-FDCB-46E3-82CC-3FDCEEACBF2A}
	EndGlobalSection
EndGlobal
