
Microsoft Visual Studio Solution File, Format Version 12.00
# Visual Studio Version 17
VisualStudioVersion = 17.14.36301.6 d17.14
MinimumVisualStudioVersion = 10.0.40219.1
Project("{FAE04EC0-301F-11D3-BF4B-00C04F79EFBC}") = "Calculadora", "Calculadora\Calculadora.csproj", "{339FD65C-40F3-4D54-9AFD-6A058BBC2064}"
EndProject
Global
	GlobalSection(SolutionConfigurationPlatforms) = preSolution
		Debug|Any CPU = Debug|Any CPU
		Release|Any CPU = Release|Any CPU
	EndGlobalSection
	GlobalSection(ProjectConfigurationPlatforms) = postSolution
		{339FD65C-40F3-4D54-9AFD-6A058BBC2064}.Debug|Any CPU.ActiveCfg = Debug|Any CPU
		{339FD65C-40F3-4D54-9AFD-6A058BBC2064}.Debug|Any CPU.Build.0 = Debug|Any CPU
		{339FD65C-40F3-4D54-9AFD-6A058BBC2064}.Release|Any CPU.ActiveCfg = Release|Any CPU
		{339FD65C-40F3-4D54-9AFD-6A058BBC2064}.Release|Any CPU.Build.0 = Release|Any CPU
	EndGlobalSection
	GlobalSection(SolutionProperties) = preSolution
		HideSolutionNode = FALSE
	EndGlobalSection
	GlobalSection(ExtensibilityGlobals) = postSolution
		SolutionGuid = {CEF1C16A-2C86-4543-8FFF-DD504C31D1CC}
	EndGlobalSection
EndGlobal
